
Microsoft Visual Studio Solution File, Format Version 12.00
# Visual Studio Version 16
VisualStudioVersion = 16.0.31410.357
MinimumVisualStudioVersion = 10.0.40219.1
Project("{FAE04EC0-301F-11D3-BF4B-00C04F79EFBC}") = "Database csharp", "Database csharp\Database csharp.csproj", "{58A91B26-8E3C-47F9-AB94-EA1880CCCDCB}"
EndProject
Global
	GlobalSection(SolutionConfigurationPlatforms) = preSolution
		Debug|Any CPU = Debug|Any CPU
		Release|Any CPU = Release|Any CPU
	EndGlobalSection
	GlobalSection(ProjectConfigurationPlatforms) = postSolution
		{58A91B26-8E3C-47F9-AB94-EA1880CCCDCB}.Debug|Any CPU.ActiveCfg = Debug|Any CPU
		{58A91B26-8E3C-47F9-AB94-EA1880CCCDCB}.Debug|Any CPU.Build.0 = Debug|Any CPU
		{58A91B26-8E3C-47F9-AB94-EA1880CCCDCB}.Release|Any CPU.ActiveCfg = Release|Any CPU
		{58A91B26-8E3C-47F9-AB94-EA1880CCCDCB}.Release|Any CPU.Build.0 = Release|Any CPU
	EndGlobalSection
	GlobalSection(SolutionProperties) = preSolution
		HideSolutionNode = FALSE
	EndGlobalSection
	GlobalSection(ExtensibilityGlobals) = postSolution
		SolutionGuid = {AACEA717-7243-426D-B539-1816011BE06D}
	EndGlobalSection
EndGlobal
